
Microsoft Visual Studio Solution File, Format Version 12.00
# Visual Studio Version 17
VisualStudioVersion = 17.13.35931.197 d17.13
MinimumVisualStudioVersion = 10.0.40219.1
Project("{FAE04EC0-301F-11D3-BF4B-00C04F79EFBC}") = "Imdb_List_Pratik", "Imdb_List_Pratik\Imdb_List_Pratik.csproj", "{97692167-F9B4-4055-908C-FBE6F935F862}"
EndProject
Global
	GlobalSection(SolutionConfigurationPlatforms) = preSolution
		Debug|Any CPU = Debug|Any CPU
		Release|Any CPU = Release|Any CPU
	EndGlobalSection
	GlobalSection(ProjectConfigurationPlatforms) = postSolution
		{97692167-F9B4-4055-908C-FBE6F935F862}.Debug|Any CPU.ActiveCfg = Debug|Any CPU
		{97692167-F9B4-4055-908C-FBE6F935F862}.Debug|Any CPU.Build.0 = Debug|Any CPU
		{97692167-F9B4-4055-908C-FBE6F935F862}.Release|Any CPU.ActiveCfg = Release|Any CPU
		{97692167-F9B4-4055-908C-FBE6F935F862}.Release|Any CPU.Build.0 = Release|Any CPU
	EndGlobalSection
	GlobalSection(SolutionProperties) = preSolution
		HideSolutionNode = FALSE
	EndGlobalSection
	GlobalSection(ExtensibilityGlobals) = postSolution
		SolutionGuid = {02B6D351-21D7-4C51-A8AF-2603E90F3AFA}
	EndGlobalSection
EndGlobal
